
Microsoft Visual Studio Solution File, Format Version 12.00
# Visual Studio Version 17
VisualStudioVersion = 17.2.32616.157
MinimumVisualStudioVersion = 10.0.40219.1
Project("{FAE04EC0-301F-11D3-BF4B-00C04F79EFBC}") = "Presentacion", "Presentacion\Presentacion.csproj", "{017E1CF2-66A4-4AD7-8EAD-2152572EEE88}"
EndProject
Project("{FAE04EC0-301F-11D3-BF4B-00C04F79EFBC}") = "Datos", "Datos\Datos.csproj", "{98B48E4A-5CF2-45CB-ACEE-0EC6DEBBD1E5}"
EndProject
Project("{FAE04EC0-301F-11D3-BF4B-00C04F79EFBC}") = "Negocio", "Negocio\Negocio.csproj", "{CF479CF2-3785-4EC2-965B-29718FD10EB0}"
EndProject
Project("{FAE04EC0-301F-11D3-BF4B-00C04F79EFBC}") = "Entidades", "Entidades\Entidades.csproj", "{59038500-482C-4ABF-BBFC-8CD72978860E}"
EndProject
Global
	GlobalSection(SolutionConfigurationPlatforms) = preSolution
		Debug|Any CPU = Debug|Any CPU
		Release|Any CPU = Release|Any CPU
	EndGlobalSection
	GlobalSection(ProjectConfigurationPlatforms) = postSolution
		{017E1CF2-66A4-4AD7-8EAD-2152572EEE88}.Debug|Any CPU.ActiveCfg = Debug|Any CPU
		{017E1CF2-66A4-4AD7-8EAD-2152572EEE88}.Debug|Any CPU.Build.0 = Debug|Any CPU
		{017E1CF2-66A4-4AD7-8EAD-2152572EEE88}.Release|Any CPU.ActiveCfg = Release|Any CPU
		{017E1CF2-66A4-4AD7-8EAD-2152572EEE88}.Release|Any CPU.Build.0 = Release|Any CPU
		{98B48E4A-5CF2-45CB-ACEE-0EC6DEBBD1E5}.Debug|Any CPU.ActiveCfg = Debug|Any CPU
		{98B48E4A-5CF2-45CB-ACEE-0EC6DEBBD1E5}.Debug|Any CPU.Build.0 = Debug|Any CPU
		{98B48E4A-5CF2-45CB-ACEE-0EC6DEBBD1E5}.Release|Any CPU.ActiveCfg = Release|Any CPU
		{98B48E4A-5CF2-45CB-ACEE-0EC6DEBBD1E5}.Release|Any CPU.Build.0 = Release|Any CPU
		{CF479CF2-3785-4EC2-965B-29718FD10EB0}.Debug|Any CPU.ActiveCfg = Debug|Any CPU
		{CF479CF2-3785-4EC2-965B-29718FD10EB0}.Debug|Any CPU.Build.0 = Debug|Any CPU
		{CF479CF2-3785-4EC2-965B-29718FD10EB0}.Release|Any CPU.ActiveCfg = Release|Any CPU
		{CF479CF2-3785-4EC2-965B-29718FD10EB0}.Release|Any CPU.Build.0 = Release|Any CPU
		{59038500-482C-4ABF-BBFC-8CD72978860E}.Debug|Any CPU.ActiveCfg = Debug|Any CPU
		{59038500-482C-4ABF-BBFC-8CD72978860E}.Debug|Any CPU.Build.0 = Debug|Any CPU
		{59038500-482C-4ABF-BBFC-8CD72978860E}.Release|Any CPU.ActiveCfg = Release|Any CPU
		{59038500-482C-4ABF-BBFC-8CD72978860E}.Release|Any CPU.Build.0 = Release|Any CPU
	EndGlobalSection
	GlobalSection(SolutionProperties) = preSolution
		HideSolutionNode = FALSE
	EndGlobalSection
	GlobalSection(ExtensibilityGlobals) = postSolution
		SolutionGuid = {30395840-26BF-4F9E-A5FC-1AD434FB8182}
	EndGlobalSection
EndGlobal
